
Microsoft Visual Studio Solution File, Format Version 12.00
# Visual Studio 15
VisualStudioVersion = 15.0.28307.168
MinimumVisualStudioVersion = 10.0.40219.1
Project("{9A19103F-16F7-4668-BE54-9A1E7A4F7556}") = "bleak.Api.Rest", "bleak.Api.Rest\bleak.Api.Rest.csproj", "{F2447FBC-6776-4B79-9A4D-9A38663882BC}"
EndProject
Project("{9A19103F-16F7-4668-BE54-9A1E7A4F7556}") = "bleak.Api.Rest.Common", "bleak.Api.Rest.Common\bleak.Api.Rest.Common.csproj", "{8504798F-2C1D-4760-B4A6-DF94A7B15C71}"
EndProject
Project("{9A19103F-16F7-4668-BE54-9A1E7A4F7556}") = "bleak.Api.Rest.Common.Tests", "bleak.Api.Rest.Common.Tests\bleak.Api.Rest.Common.Tests.csproj", "{0A32C837-9DD9-462E-B137-7CF5CA0939BB}"
EndProject
Project("{9A19103F-16F7-4668-BE54-9A1E7A4F7556}") = "bleak.Api.Rest.Tests", "bleak.Api.Rest.Tests\bleak.Api.Rest.Tests.csproj", "{31FE42A6-946E-4482-B3F5-6AEEC1271B59}"
EndProject
Project("{FAE04EC0-301F-11D3-BF4B-00C04F79EFBC}") = "bleak.Api.Rest.Portable", "bleak.Api.Rest.Portable\bleak.Api.Rest.Portable.csproj", "{72CCFE63-BE65-46DE-9BDC-A264A6FCBD88}"
EndProject
Project("{2150E333-8FDC-42A3-9474-1A3956D46DE8}") = "Solution Items", "Solution Items", "{9CCDB84D-EBCE-4DD2-9733-BAB0390BD5E6}"
	ProjectSection(SolutionItems) = preProject
		azure-pipelines.yaml = azure-pipelines.yaml
		LICENSE = LICENSE
		Logo.128x83.png = Logo.128x83.png
		Logo.logoist = Logo.logoist
	EndProjectSection
EndProject
Project("{FAE04EC0-301F-11D3-BF4B-00C04F79EFBC}") = "bleak.Api.Rest.Portable.Tests", "bleak.Api.Rest.Portable.Tests\bleak.Api.Rest.Portable.Tests.csproj", "{2983CE49-D465-4956-ADF2-4040CF597637}"
EndProject
Global
	GlobalSection(SolutionConfigurationPlatforms) = preSolution
		Debug|Any CPU = Debug|Any CPU
		Release|Any CPU = Release|Any CPU
	EndGlobalSection
	GlobalSection(ProjectConfigurationPlatforms) = postSolution
		{F2447FBC-6776-4B79-9A4D-9A38663882BC}.Debug|Any CPU.ActiveCfg = Debug|Any CPU
		{F2447FBC-6776-4B79-9A4D-9A38663882BC}.Debug|Any CPU.Build.0 = Debug|Any CPU
		{F2447FBC-6776-4B79-9A4D-9A38663882BC}.Release|Any CPU.ActiveCfg = Release|Any CPU
		{F2447FBC-6776-4B79-9A4D-9A38663882BC}.Release|Any CPU.Build.0 = Release|Any CPU
		{8504798F-2C1D-4760-B4A6-DF94A7B15C71}.Debug|Any CPU.ActiveCfg = Debug|Any CPU
		{8504798F-2C1D-4760-B4A6-DF94A7B15C71}.Debug|Any CPU.Build.0 = Debug|Any CPU
		{8504798F-2C1D-4760-B4A6-DF94A7B15C71}.Release|Any CPU.ActiveCfg = Release|Any CPU
		{8504798F-2C1D-4760-B4A6-DF94A7B15C71}.Release|Any CPU.Build.0 = Release|Any CPU
		{0A32C837-9DD9-462E-B137-7CF5CA0939BB}.Debug|Any CPU.ActiveCfg = Debug|Any CPU
		{0A32C837-9DD9-462E-B137-7CF5CA0939BB}.Debug|Any CPU.Build.0 = Debug|Any CPU
		{0A32C837-9DD9-462E-B137-7CF5CA0939BB}.Release|Any CPU.ActiveCfg = Release|Any CPU
		{0A32C837-9DD9-462E-B137-7CF5CA0939BB}.Release|Any CPU.Build.0 = Release|Any CPU
		{31FE42A6-946E-4482-B3F5-6AEEC1271B59}.Debug|Any CPU.ActiveCfg = Debug|Any CPU
		{31FE42A6-946E-4482-B3F5-6AEEC1271B59}.Debug|Any CPU.Build.0 = Debug|Any CPU
		{31FE42A6-946E-4482-B3F5-6AEEC1271B59}.Release|Any CPU.ActiveCfg = Release|Any CPU
		{31FE42A6-946E-4482-B3F5-6AEEC1271B59}.Release|Any CPU.Build.0 = Release|Any CPU
		{72CCFE63-BE65-46DE-9BDC-A264A6FCBD88}.Debug|Any CPU.ActiveCfg = Debug|Any CPU
		{72CCFE63-BE65-46DE-9BDC-A264A6FCBD88}.Debug|Any CPU.Build.0 = Debug|Any CPU
		{72CCFE63-BE65-46DE-9BDC-A264A6FCBD88}.Release|Any CPU.ActiveCfg = Release|Any CPU
		{72CCFE63-BE65-46DE-9BDC-A264A6FCBD88}.Release|Any CPU.Build.0 = Release|Any CPU
		{2983CE49-D465-4956-ADF2-4040CF597637}.Debug|Any CPU.ActiveCfg = Debug|Any CPU
		{2983CE49-D465-4956-ADF2-4040CF597637}.Debug|Any CPU.Build.0 = Debug|Any CPU
		{2983CE49-D465-4956-ADF2-4040CF597637}.Release|Any CPU.ActiveCfg = Release|Any CPU
		{2983CE49-D465-4956-ADF2-4040CF597637}.Release|Any CPU.Build.0 = Release|Any CPU
	EndGlobalSection
	GlobalSection(SolutionProperties) = preSolution
		HideSolutionNode = FALSE
	EndGlobalSection
	GlobalSection(ExtensibilityGlobals) = postSolution
		SolutionGuid = {C39D515F-17F3-4FF7-ACF1-B374DC1A7E8A}
	EndGlobalSection
EndGlobal
