Microsoft Visual Studio Solution File, Format Version 12.00
# Visual Studio 15
VisualStudioVersion = 15.0.27703.2042
MinimumVisualStudioVersion = 10.0.40219.1
Project("{9A19103F-16F7-4668-BE54-9A1E7A4F7556}") = "bleak.Api.Rest", "..\bleak.Api.Rest\bleak.Api.Rest.csproj", "{0D09CC57-7F95-423F-B882-44A0FAD86213}"
EndProject
Project("{9A19103F-16F7-4668-BE54-9A1E7A4F7556}") = "bleak.Api.Rest.Tests", "..\bleak.Api.Rest.Tests\bleak.Api.Rest.Tests.csproj", "{6282D6D1-3250-4BC9-8B07-B0654CA45A56}"
EndProject
Project("{9A19103F-16F7-4668-BE54-9A1E7A4F7556}") = "bleak.Api.Rest.Common", "..\bleak.Api.Rest.Common\bleak.Api.Rest.Common.csproj", "{754E050B-D43C-4EBD-845F-F51CFC0155BF}"
EndProject
Project("{FAE04EC0-301F-11D3-BF4B-00C04F79EFBC}") = "bleak.Api.Rest.Portable", "..\bleak.Api.Rest.Portable\bleak.Api.Rest.Portable.csproj", "{72CCFE63-BE65-46DE-9BDC-A264A6FCBD88}"
EndProject
Project("{2150E333-8FDC-42A3-9474-1A3956D46DE8}") = "Solution Items", "Solution Items", "{12DA68D0-95BC-4130-A706-CC6731A07B61}"
	ProjectSection(SolutionItems) = preProject
		..\azure-pipelines.yaml = ..\azure-pipelines.yaml
	EndProjectSection
EndProject
Global
	GlobalSection(SolutionConfigurationPlatforms) = preSolution
		Debug|Any CPU = Debug|Any CPU
		Release|Any CPU = Release|Any CPU
	EndGlobalSection
	GlobalSection(ProjectConfigurationPlatforms) = postSolution
		{0D09CC57-7F95-423F-B882-44A0FAD86213}.Debug|Any CPU.ActiveCfg = Debug|Any CPU
		{0D09CC57-7F95-423F-B882-44A0FAD86213}.Debug|Any CPU.Build.0 = Debug|Any CPU
		{0D09CC57-7F95-423F-B882-44A0FAD86213}.Release|Any CPU.ActiveCfg = Release|Any CPU
		{0D09CC57-7F95-423F-B882-44A0FAD86213}.Release|Any CPU.Build.0 = Release|Any CPU
		{6282D6D1-3250-4BC9-8B07-B0654CA45A56}.Debug|Any CPU.ActiveCfg = Debug|Any CPU
		{6282D6D1-3250-4BC9-8B07-B0654CA45A56}.Debug|Any CPU.Build.0 = Debug|Any CPU
		{6282D6D1-3250-4BC9-8B07-B0654CA45A56}.Release|Any CPU.ActiveCfg = Release|Any CPU
		{6282D6D1-3250-4BC9-8B07-B0654CA45A56}.Release|Any CPU.Build.0 = Release|Any CPU
		{754E050B-D43C-4EBD-845F-F51CFC0155BF}.Debug|Any CPU.ActiveCfg = Debug|Any CPU
		{754E050B-D43C-4EBD-845F-F51CFC0155BF}.Debug|Any CPU.Build.0 = Debug|Any CPU
		{754E050B-D43C-4EBD-845F-F51CFC0155BF}.Release|Any CPU.ActiveCfg = Release|Any CPU
		{754E050B-D43C-4EBD-845F-F51CFC0155BF}.Release|Any CPU.Build.0 = Release|Any CPU
		{72CCFE63-BE65-46DE-9BDC-A264A6FCBD88}.Debug|Any CPU.ActiveCfg = Debug|Any CPU
		{72CCFE63-BE65-46DE-9BDC-A264A6FCBD88}.Debug|Any CPU.Build.0 = Debug|Any CPU
		{72CCFE63-BE65-46DE-9BDC-A264A6FCBD88}.Release|Any CPU.ActiveCfg = Release|Any CPU
		{72CCFE63-BE65-46DE-9BDC-A264A6FCBD88}.Release|Any CPU.Build.0 = Release|Any CPU
	EndGlobalSection
	GlobalSection(SolutionProperties) = preSolution
		HideSolutionNode = FALSE
	EndGlobalSection
	GlobalSection(ExtensibilityGlobals) = postSolution
		SolutionGuid = {42D711FF-D4B7-4FE5-950C-43EBBCA70254}
	EndGlobalSection
EndGlobal
